{
  "name": "IslamQuiz",
  "lockfileVersion": 2,
  "requires": true,
  "packages": {
    "": {
      "dependencies": {
        "kernel": "^0.1.4"
      }
    },
    "node_modules/kernel": {
      "version": "0.1.4",
      "resolved": "https://registry.npmjs.org/kernel/-/kernel-0.1.4.tgz",
      "integrity": "sha512-dGDMe3A4kdHZ4MlIYhqs3nYvZVNwMc80uQNCARtD9/Q4LqNAmXkV0L2j6gG+4Kdo+fZtr2D9lrTuCxGV6emp2g==",
      "engines": {
        "node": "*"
      }
    }
  },
  "dependencies": {
    "kernel": {
      "version": "0.1.4",
      "resolved": "https://registry.npmjs.org/kernel/-/kernel-0.1.4.tgz",
      "integrity": "sha512-dGDMe3A4kdHZ4MlIYhqs3nYvZVNwMc80uQNCARtD9/Q4LqNAmXkV0L2j6gG+4Kdo+fZtr2D9lrTuCxGV6emp2g=="
    }
  }
}
